# This file was autogenerated by Stack.
# You should not edit this file by hand.
# For more information, please see the documentation at:
#   https://docs.haskellstack.org/en/stable/lock_files

packages:
- completed:
    hackage: proteaaudio-0.7.1.0@sha256:926a4437d239d453fc629c33ab5512211a6e6fe300c2f86efc6238ac1d587aa1,2598
    pantry-tree:
      size: 1877
      sha256: f6ba68f00b35abf46be7556ed78038ca772368a5445ac8176ef81fff4c965fbf
  original:
    hackage: proteaaudio-0.7.1.0
snapshots:
- completed:
    size: 529130
    url: https://raw.githubusercontent.com/commercialhaskell/stackage-snapshots/master/nightly/2019/9/17.yaml
    sha256: ee201f1a8713a8db709058911452b942bc4d24c180dea50cfd46300adb932ab6
  original: nightly-2019-09-17
